9fans.net/go v0.0.2 h1:RYM6lWITV8oADrwLfdzxmt8ucfW6UtP9v1jg4qAbqts=
9fans.net/go v0.0.2/go.mod h1:lfPdxjq9v8pVQXUMBCx5EO5oLXWQFlKRQgs1kEkjoIM=
github.com/alecthomas/assert/v2 v2.1.0/go.mod h1:b/+1DI2Q6NckYi+3mXyH3wFb8qG37K/DuK80n7WefXA=
github.com/alecthomas/kong v0.7.1 h1:azoTh0IOfwlAX3qN9sHWTxACE2oV8Bg2gAwBsMwDQY4=
github.com/alecthomas/kong v0.7.1/go.mod h1:n1iCIO2xS46oE8ZfYCNDqdR0b0wZNrXAIAqro/2132U=
github.com/alecthomas/repr v0.1.0/go.mod h1:2kn6fqh/zIyPLmm3ugklbEi5hg5wS435eygvNfaDQL8=
github.com/google/go-cmp v0.5.9 h1:O2Tfq5qg4qc4AmwVlvv0oLiVAGB7enBSJ2x2DqQFi38=
github.com/google/go-cmp v0.5.9/go.mod h1:17dUlkBOakJ0+DkrSSNjCkIjxS6bF9zb3elmeNGIjoY=
github.com/hexops/gotextdiff v1.0.3/go.mod h1:pSWU5MAI3yDq+fZBTazCSJysOMbxWL1BSow5/V2vxeg=
github.com/knieriem/markdown v0.0.0-20140730233915-325ec6c40dd4 h1:eOcXTzexQIqS5zu/S1PBRo1PiSeFmOBHlkzfGsVfyhI=
github.com/knieriem/markdown v0.0.0-20140730233915-325ec6c40dd4/go.mod h1:H4COpl46xonSuXrYDppXj3iFCs1wrv6gu1Vn6G0nfXw=
github.com/litao91/goldmark-mathjax v0.0.0-20191101121019-011def32b12f h1:mTnjnO2A0T4oKEKPK//Mqj8kerYOOLMDFxCqqznRGsY=
github.com/litao91/goldmark-mathjax v0.0.0-20191101121019-011def32b12f/go.mod h1:visY8Wq1v63x0pB96H2V3D/02Q32D6s37+q3ya1/gOM=
github.com/yuin/goldmark v1.1.7/go.mod h1:3hX8gzYuyVAZsxl0MRgGTJEmQBFcNTphYh9decYSb74=
github.com/yuin/goldmark v1.2.1 h1:ruQGxdhGHe7FWOJPT0mKs5+pD2Xs1Bm/kdGlHO04FmM=
github.com/yuin/goldmark v1.2.1/go.mod h1:3hX8gzYuyVAZsxl0MRgGTJEmQBFcNTphYh9decYSb74=
github.com/yuin/goldmark-meta v0.0.0-20191126180153-f0638e958b60 h1:gZucqLjL1eDzVWrXj4uiWeMbAopJlBR2mKQAsTGdPwo=
github.com/yuin/goldmark-meta v0.0.0-20191126180153-f0638e958b60/go.mod h1:i9VhcIHN2PxXMbQrKqXNueok6QNONoPjNMoj9MygVL0=
gopkg.in/check.v1 v0.0.0-20161208181325-20d25e280405 h1:yhCVgyC4o1eVCa2tZl7eS0r+SDo693bJlVdllGtEeKM=
gopkg.in/check.v1 v0.0.0-20161208181325-20d25e280405/go.mod h1:Co6ibVJAznAaIkqp8huTwlJQCZ016jof/cbN4VW5Yz0=
gopkg.in/yaml.v2 v2.2.2 h1:ZCJp+EgiOT7lHqUV2J862kp8Qj64Jo6az82+3Td9dZw=
gopkg.in/yaml.v2 v2.2.2/go.mod h1:hI93XBmqTisBFMUTm0b8Fm+jr3Dg1NNxqwp+5A1VGuI=
