9fans.net/go v0.0.2 h1:RYM6lWITV8oADrwLfdzxmt8ucfW6UtP9v1jg4qAbqts=
9fans.net/go v0.0.2/go.mod h1:lfPdxjq9v8pVQXUMBCx5EO5oLXWQFlKRQgs1kEkjoIM=
github.com/knieriem/markdown v0.0.0-20140730233915-325ec6c40dd4 h1:eOcXTzexQIqS5zu/S1PBRo1PiSeFmOBHlkzfGsVfyhI=
github.com/knieriem/markdown v0.0.0-20140730233915-325ec6c40dd4/go.mod h1:H4COpl46xonSuXrYDppXj3iFCs1wrv6gu1Vn6G0nfXw=
